
Microsoft Visual Studio Solution File, Format Version 12.00
# Visual Studio Version 17
VisualStudioVersion = 17.7.34221.43
MinimumVisualStudioVersion = 10.0.40219.1
Project("{FAE04EC0-301F-11D3-BF4B-00C04F79EFBC}") = "apply", "apply\apply.csproj", "{510293DB-1D39-4949-B9E7-40C4429D5B85}"
EndProject
Global
	GlobalSection(SolutionConfigurationPlatforms) = preSolution
		Debug|Any CPU = Debug|Any CPU
		Release|Any CPU = Release|Any CPU
	EndGlobalSection
	GlobalSection(ProjectConfigurationPlatforms) = postSolution
		{510293DB-1D39-4949-B9E7-40C4429D5B85}.Debug|Any CPU.ActiveCfg = Debug|Any CPU
		{510293DB-1D39-4949-B9E7-40C4429D5B85}.Debug|Any CPU.Build.0 = Debug|Any CPU
		{510293DB-1D39-4949-B9E7-40C4429D5B85}.Release|Any CPU.ActiveCfg = Release|Any CPU
		{510293DB-1D39-4949-B9E7-40C4429D5B85}.Release|Any CPU.Build.0 = Release|Any CPU
	EndGlobalSection
	GlobalSection(SolutionProperties) = preSolution
		HideSolutionNode = FALSE
	EndGlobalSection
	GlobalSection(ExtensibilityGlobals) = postSolution
		SolutionGuid = {48E7C630-FD7B-4D5E-B803-D36898093EC5}
	EndGlobalSection
EndGlobal
